
Microsoft Visual Studio Solution File, Format Version 12.00
# Visual Studio Version 16
VisualStudioVersion = 16.0.30413.136
MinimumVisualStudioVersion = 10.0.40219.1
Project("{FAE04EC0-301F-11D3-BF4B-00C04F79EFBC}") = "Лаба № 6", "Лаба № 6\Лаба № 6.csproj", "{328E5638-D18D-4F0E-8E50-8D3479D4ECBA}"
EndProject
Global
	GlobalSection(SolutionConfigurationPlatforms) = preSolution
		Debug|Any CPU = Debug|Any CPU
		Release|Any CPU = Release|Any CPU
	EndGlobalSection
	GlobalSection(ProjectConfigurationPlatforms) = postSolution
		{328E5638-D18D-4F0E-8E50-8D3479D4ECBA}.Debug|Any CPU.ActiveCfg = Debug|Any CPU
		{328E5638-D18D-4F0E-8E50-8D3479D4ECBA}.Debug|Any CPU.Build.0 = Debug|Any CPU
		{328E5638-D18D-4F0E-8E50-8D3479D4ECBA}.Release|Any CPU.ActiveCfg = Release|Any CPU
		{328E5638-D18D-4F0E-8E50-8D3479D4ECBA}.Release|Any CPU.Build.0 = Release|Any CPU
	EndGlobalSection
	GlobalSection(SolutionProperties) = preSolution
		HideSolutionNode = FALSE
	EndGlobalSection
	GlobalSection(ExtensibilityGlobals) = postSolution
		SolutionGuid = {D60EE165-DA3E-4A6B-9B50-F84BEBB1930F}
	EndGlobalSection
EndGlobal
