
Microsoft Visual Studio Solution File, Format Version 12.00
# Visual Studio Version 16
VisualStudioVersion = 16.0.30413.136
MinimumVisualStudioVersion = 10.0.40219.1
Project("{FAE04EC0-301F-11D3-BF4B-00C04F79EFBC}") = "LabRabota № 7", "LabRabota № 7\LabRabota № 7.csproj", "{66B6CCA6-7C6B-4BAA-A449-30C2EE387913}"
EndProject
Global
	GlobalSection(SolutionConfigurationPlatforms) = preSolution
		Debug|Any CPU = Debug|Any CPU
		Release|Any CPU = Release|Any CPU
	EndGlobalSection
	GlobalSection(ProjectConfigurationPlatforms) = postSolution
		{66B6CCA6-7C6B-4BAA-A449-30C2EE387913}.Debug|Any CPU.ActiveCfg = Debug|Any CPU
		{66B6CCA6-7C6B-4BAA-A449-30C2EE387913}.Debug|Any CPU.Build.0 = Debug|Any CPU
		{66B6CCA6-7C6B-4BAA-A449-30C2EE387913}.Release|Any CPU.ActiveCfg = Release|Any CPU
		{66B6CCA6-7C6B-4BAA-A449-30C2EE387913}.Release|Any CPU.Build.0 = Release|Any CPU
	EndGlobalSection
	GlobalSection(SolutionProperties) = preSolution
		HideSolutionNode = FALSE
	EndGlobalSection
	GlobalSection(ExtensibilityGlobals) = postSolution
		SolutionGuid = {8E670BD8-C42B-4EE7-AE3C-DBD4EF57852F}
	EndGlobalSection
EndGlobal
